
Microsoft Visual Studio Solution File, Format Version 12.00
# Visual Studio Version 16
VisualStudioVersion = 16.0.30204.135
MinimumVisualStudioVersion = 10.0.40219.1
Project("{FAE04EC0-301F-11D3-BF4B-00C04F79EFBC}") = "Vetores01", "Vetores01\Vetores01.csproj", "{0C94EA47-94B8-487A-8BAE-0F9D594E6384}"
EndProject
Global
	GlobalSection(SolutionConfigurationPlatforms) = preSolution
		Debug|Any CPU = Debug|Any CPU
		Release|Any CPU = Release|Any CPU
	EndGlobalSection
	GlobalSection(ProjectConfigurationPlatforms) = postSolution
		{0C94EA47-94B8-487A-8BAE-0F9D594E6384}.Debug|Any CPU.ActiveCfg = Debug|Any CPU
		{0C94EA47-94B8-487A-8BAE-0F9D594E6384}.Debug|Any CPU.Build.0 = Debug|Any CPU
		{0C94EA47-94B8-487A-8BAE-0F9D594E6384}.Release|Any CPU.ActiveCfg = Release|Any CPU
		{0C94EA47-94B8-487A-8BAE-0F9D594E6384}.Release|Any CPU.Build.0 = Release|Any CPU
	EndGlobalSection
	GlobalSection(SolutionProperties) = preSolution
		HideSolutionNode = FALSE
	EndGlobalSection
	GlobalSection(ExtensibilityGlobals) = postSolution
		SolutionGuid = {64D2EBA7-3FBA-4DB4-89CF-9E3406EF4242}
	EndGlobalSection
EndGlobal
